{
  "object": {
    "pins": [
      {
        "package": "XMLParsing",
        "repositoryURL": "https://github.com/ShawnMoore/XMLParsing.git",
        "state": {
          "branch": null,
          "revision": "2b77a8078d9695aac1a0e5806768e819025174c3",
          "version": "0.0.3"
        }
      },
      {
        "package": "ZIPFoundation",
        "repositoryURL": "https://github.com/weichsel/ZIPFoundation/",
        "state": {
          "branch": null,
          "revision": "d9bb1c47984baa035e3960338551d9b0b7128e79",
          "version": "0.9.8"
        }
      }
    ]
  },
  "version": 1
}
