{
  "object": {
    "pins": [
      {
        "package": "XMLCoder",
        "repositoryURL": "https://github.com/MaxDesiatov/XMLCoder.git",
        "state": {
          "branch": "master",
          "revision": "40222d80e60e61252f799e2f063cd67541a5817a",
          "version": null
        }
      },
      {
        "package": "ZIPFoundation",
        "repositoryURL": "https://github.com/weichsel/ZIPFoundation/",
        "state": {
          "branch": null,
          "revision": "d9bb1c47984baa035e3960338551d9b0b7128e79",
          "version": "0.9.8"
        }
      }
    ]
  },
  "version": 1
}
